// !$*UTF8*$!
{
	archiveVersion = 1;
	classes = {
	};
	objectVersion = 51;
	objects = {

/* Begin PBXBuildFile section */
		34C2AFAC18262916D036A278 /* Pods_FicowCalendarDemo.framework in Frameworks */ = {isa = PBXBuildFile; fileRef = 4ED62F23CA5A243A1BC7E285 /* Pods_FicowCalendarDemo.framework */; };
		5DEE8EF3AFC28F267330BAEA /* Pods_FicowCalendarDemo_FicowCalendarDemoUITests.framework in Frameworks */ = {isa = PBXBuildFile; fileRef = 18105B50AA691A6F8F65CCF6 /* Pods_FicowCalendarDemo_FicowCalendarDemoUITests.framework */; };
		6AEB561D247F9D00005022ED /* Helpers.swift in Sources */ = {isa = PBXBuildFile; fileRef = 6AEB561C247F9D00005022ED /* Helpers.swift */; };
		6AEB561F247FC5FC005022ED /* XOCalendarMonthHeaderView.swift in Sources */ = {isa = PBXBuildFile; fileRef = 6AEB561E247FC5FC005022ED /* XOCalendarMonthHeaderView.swift */; };
		890F4888248F9A050085AA71 /* XOCalendarTests.swift in Sources */ = {isa = PBXBuildFile; fileRef = 890F4887248F9A050085AA71 /* XOCalendarTests.swift */; };
		896C27A12484C00A00EB0BA4 /* XOCalendarView.swift in Sources */ = {isa = PBXBuildFile; fileRef = 896C27A02484C00A00EB0BA4 /* XOCalendarView.swift */; };
		896C27A32484E3E400EB0BA4 /* XOCalendarHeaderView.swift in Sources */ = {isa = PBXBuildFile; fileRef = 896C27A22484E3E400EB0BA4 /* XOCalendarHeaderView.swift */; };
		896C27A52484E42500EB0BA4 /* XOCalendarFlowLayout.swift in Sources */ = {isa = PBXBuildFile; fileRef = 896C27A42484E42500EB0BA4 /* XOCalendarFlowLayout.swift */; };
		8985994B2490E570004D4C31 /* XOCalendarFlowLayoutTests.swift in Sources */ = {isa = PBXBuildFile; fileRef = 8985994A2490E570004D4C31 /* XOCalendarFlowLayoutTests.swift */; };
		89AB057A24875BA400F8BD56 /* XOCalendarDayHeaderView.swift in Sources */ = {isa = PBXBuildFile; fileRef = 89AB057924875BA400F8BD56 /* XOCalendarDayHeaderView.swift */; };
		89BDDF7F247BB72C007D3F20 /* AppDelegate.swift in Sources */ = {isa = PBXBuildFile; fileRef = 89BDDF7E247BB72C007D3F20 /* AppDelegate.swift */; };
		89BDDF81247BB72C007D3F20 /* SceneDelegate.swift in Sources */ = {isa = PBXBuildFile; fileRef = 89BDDF80247BB72C007D3F20 /* SceneDelegate.swift */; };
		89BDDF83247BB72C007D3F20 /* ViewController.swift in Sources */ = {isa = PBXBuildFile; fileRef = 89BDDF82247BB72C007D3F20 /* ViewController.swift */; };
		89BDDF86247BB72C007D3F20 /* Main.storyboard in Resources */ = {isa = PBXBuildFile; fileRef = 89BDDF84247BB72C007D3F20 /* Main.storyboard */; };
		89BDDF88247BB72F007D3F20 /* Assets.xcassets in Resources */ = {isa = PBXBuildFile; fileRef = 89BDDF87247BB72F007D3F20 /* Assets.xcassets */; };
		89BDDF8B247BB72F007D3F20 /* LaunchScreen.storyboard in Resources */ = {isa = PBXBuildFile; fileRef = 89BDDF89247BB72F007D3F20 /* LaunchScreen.storyboard */; };
		89BDDF96247BB72F007D3F20 /* FicowCalendarDemoTests.swift in Sources */ = {isa = PBXBuildFile; fileRef = 89BDDF95247BB72F007D3F20 /* FicowCalendarDemoTests.swift */; };
		89BDDFA1247BB72F007D3F20 /* FicowCalendarDemoUITests.swift in Sources */ = {isa = PBXBuildFile; fileRef = 89BDDFA0247BB72F007D3F20 /* FicowCalendarDemoUITests.swift */; };
		89EDAAE9247E1598004098F6 /* XOCalendarDayCell.swift in Sources */ = {isa = PBXBuildFile; fileRef = 89EDAAE8247E1598004098F6 /* XOCalendarDayCell.swift */; };
		89EDAAEB247E190A004098F6 /* XOCalendar.swift in Sources */ = {isa = PBXBuildFile; fileRef = 89EDAAEA247E190A004098F6 /* XOCalendar.swift */; };
		F6CE70CBA9CBB6651CECBB11 /* Pods_FicowCalendarDemoTests.framework in Frameworks */ = {isa = PBXBuildFile; fileRef = FF3EDDFEE093DA1AB143A62A /* Pods_FicowCalendarDemoTests.framework */; };
/* End PBXBuildFile section */

/* Begin PBXContainerItemProxy section */
		89BDDF92247BB72F007D3F20 /* PBXContainerItemProxy */ = {
			isa = PBXContainerItemProxy;
			containerPortal = 89BDDF73247BB72C007D3F20 /* Project object */;
			proxyType = 1;
			remoteGlobalIDString = 89BDDF7A247BB72C007D3F20;
			remoteInfo = FicowCalendarDemo;
		};
		89BDDF9D247BB72F007D3F20 /* PBXContainerItemProxy */ = {
			isa = PBXContainerItemProxy;
			containerPortal = 89BDDF73247BB72C007D3F20 /* Project object */;
			proxyType = 1;
			remoteGlobalIDString = 89BDDF7A247BB72C007D3F20;
			remoteInfo = FicowCalendarDemo;
		};
/* End PBXContainerItemProxy section */

/* Begin PBXFileReference section */
		18105B50AA691A6F8F65CCF6 /* Pods_FicowCalendarDemo_FicowCalendarDemoUITests.framework */ = {isa = PBXFileReference; explicitFileType = wrapper.framework; includeInIndex = 0; path = Pods_FicowCalendarDemo_FicowCalendarDemoUITests.framework; sourceTree = BUILT_PRODUCTS_DIR; };
		1D14F5492E7DBA0139A830C2 /* Pods-FicowCalendarDemoTests.debug.xcconfig */ = {isa = PBXFileReference; includeInIndex = 1; lastKnownFileType = text.xcconfig; name = "Pods-FicowCalendarDemoTests.debug.xcconfig"; path = "Target Support Files/Pods-FicowCalendarDemoTests/Pods-FicowCalendarDemoTests.debug.xcconfig"; sourceTree = "<group>"; };
		4ED62F23CA5A243A1BC7E285 /* Pods_FicowCalendarDemo.framework */ = {isa = PBXFileReference; explicitFileType = wrapper.framework; includeInIndex = 0; path = Pods_FicowCalendarDemo.framework; sourceTree = BUILT_PRODUCTS_DIR; };
		6AEB561C247F9D00005022ED /* Helpers.swift */ = {isa = PBXFileReference; lastKnownFileType = sourcecode.swift; path = Helpers.swift; sourceTree = "<group>"; };
		6AEB561E247FC5FC005022ED /* XOCalendarMonthHeaderView.swift */ = {isa = PBXFileReference; lastKnownFileType = sourcecode.swift; path = XOCalendarMonthHeaderView.swift; sourceTree = "<group>"; };
		813DDA497D29E3CCA57E219D /* Pods-FicowCalendarDemo-FicowCalendarDemoUITests.release.xcconfig */ = {isa = PBXFileReference; includeInIndex = 1; lastKnownFileType = text.xcconfig; name = "Pods-FicowCalendarDemo-FicowCalendarDemoUITests.release.xcconfig"; path = "Target Support Files/Pods-FicowCalendarDemo-FicowCalendarDemoUITests/Pods-FicowCalendarDemo-FicowCalendarDemoUITests.release.xcconfig"; sourceTree = "<group>"; };
		890F4887248F9A050085AA71 /* XOCalendarTests.swift */ = {isa = PBXFileReference; lastKnownFileType = sourcecode.swift; path = XOCalendarTests.swift; sourceTree = "<group>"; };
		896C27A02484C00A00EB0BA4 /* XOCalendarView.swift */ = {isa = PBXFileReference; lastKnownFileType = sourcecode.swift; path = XOCalendarView.swift; sourceTree = "<group>"; };
		896C27A22484E3E400EB0BA4 /* XOCalendarHeaderView.swift */ = {isa = PBXFileReference; lastKnownFileType = sourcecode.swift; path = XOCalendarHeaderView.swift; sourceTree = "<group>"; };
		896C27A42484E42500EB0BA4 /* XOCalendarFlowLayout.swift */ = {isa = PBXFileReference; lastKnownFileType = sourcecode.swift; path = XOCalendarFlowLayout.swift; sourceTree = "<group>"; };
		8985994A2490E570004D4C31 /* XOCalendarFlowLayoutTests.swift */ = {isa = PBXFileReference; lastKnownFileType = sourcecode.swift; path = XOCalendarFlowLayoutTests.swift; sourceTree = "<group>"; };
		89AB057924875BA400F8BD56 /* XOCalendarDayHeaderView.swift */ = {isa = PBXFileReference; lastKnownFileType = sourcecode.swift; path = XOCalendarDayHeaderView.swift; sourceTree = "<group>"; };
		89BDDF7B247BB72C007D3F20 /* FicowCalendarDemo.app */ = {isa = PBXFileReference; explicitFileType = wrapper.application; includeInIndex = 0; path = FicowCalendarDemo.app; sourceTree = BUILT_PRODUCTS_DIR; };
		89BDDF7E247BB72C007D3F20 /* AppDelegate.swift */ = {isa = PBXFileReference; lastKnownFileType = sourcecode.swift; path = AppDelegate.swift; sourceTree = "<group>"; };
		89BDDF80247BB72C007D3F20 /* SceneDelegate.swift */ = {isa = PBXFileReference; lastKnownFileType = sourcecode.swift; path = SceneDelegate.swift; sourceTree = "<group>"; };
		89BDDF82247BB72C007D3F20 /* ViewController.swift */ = {isa = PBXFileReference; lastKnownFileType = sourcecode.swift; path = ViewController.swift; sourceTree = "<group>"; };
		89BDDF85247BB72C007D3F20 /* Base */ = {isa = PBXFileReference; lastKnownFileType = file.storyboard; name = Base; path = Base.lproj/Main.storyboard; sourceTree = "<group>"; };
		89BDDF87247BB72F007D3F20 /* Assets.xcassets */ = {isa = PBXFileReference; lastKnownFileType = folder.assetcatalog; path = Assets.xcassets; sourceTree = "<group>"; };
		89BDDF8A247BB72F007D3F20 /* Base */ = {isa = PBXFileReference; lastKnownFileType = file.storyboard; name = Base; path = Base.lproj/LaunchScreen.storyboard; sourceTree = "<group>"; };
		89BDDF8C247BB72F007D3F20 /* Info.plist */ = {isa = PBXFileReference; lastKnownFileType = text.plist.xml; path = Info.plist; sourceTree = "<group>"; };
		89BDDF91247BB72F007D3F20 /* FicowCalendarDemoTests.xctest */ = {isa = PBXFileReference; explicitFileType = wrapper.cfbundle; includeInIndex = 0; path = FicowCalendarDemoTests.xctest; sourceTree = BUILT_PRODUCTS_DIR; };
		89BDDF95247BB72F007D3F20 /* FicowCalendarDemoTests.swift */ = {isa = PBXFileReference; lastKnownFileType = sourcecode.swift; path = FicowCalendarDemoTests.swift; sourceTree = "<group>"; };
		89BDDF97247BB72F007D3F20 /* Info.plist */ = {isa = PBXFileReference; lastKnownFileType = text.plist.xml; path = Info.plist; sourceTree = "<group>"; };
		89BDDF9C247BB72F007D3F20 /* FicowCalendarDemoUITests.xctest */ = {isa = PBXFileReference; explicitFileType = wrapper.cfbundle; includeInIndex = 0; path = FicowCalendarDemoUITests.xctest; sourceTree = BUILT_PRODUCTS_DIR; };
		89BDDFA0247BB72F007D3F20 /* FicowCalendarDemoUITests.swift */ = {isa = PBXFileReference; lastKnownFileType = sourcecode.swift; path = FicowCalendarDemoUITests.swift; sourceTree = "<group>"; };
		89BDDFA2247BB72F007D3F20 /* Info.plist */ = {isa = PBXFileReference; lastKnownFileType = text.plist.xml; path = Info.plist; sourceTree = "<group>"; };
		89EDAAE8247E1598004098F6 /* XOCalendarDayCell.swift */ = {isa = PBXFileReference; lastKnownFileType = sourcecode.swift; path = XOCalendarDayCell.swift; sourceTree = "<group>"; };
		89EDAAEA247E190A004098F6 /* XOCalendar.swift */ = {isa = PBXFileReference; lastKnownFileType = sourcecode.swift; path = XOCalendar.swift; sourceTree = "<group>"; };
		9F6D4591F08693FB58A769FD /* Pods-FicowCalendarDemo-FicowCalendarDemoUITests.debug.xcconfig */ = {isa = PBXFileReference; includeInIndex = 1; lastKnownFileType = text.xcconfig; name = "Pods-FicowCalendarDemo-FicowCalendarDemoUITests.debug.xcconfig"; path = "Target Support Files/Pods-FicowCalendarDemo-FicowCalendarDemoUITests/Pods-FicowCalendarDemo-FicowCalendarDemoUITests.debug.xcconfig"; sourceTree = "<group>"; };
		C5C5697CB7E4858F7BEB902B /* Pods-FicowCalendarDemoTests.release.xcconfig */ = {isa = PBXFileReference; includeInIndex = 1; lastKnownFileType = text.xcconfig; name = "Pods-FicowCalendarDemoTests.release.xcconfig"; path = "Target Support Files/Pods-FicowCalendarDemoTests/Pods-FicowCalendarDemoTests.release.xcconfig"; sourceTree = "<group>"; };
		EE8D49021DB9A688391D4831 /* Pods-FicowCalendarDemo.debug.xcconfig */ = {isa = PBXFileReference; includeInIndex = 1; lastKnownFileType = text.xcconfig; name = "Pods-FicowCalendarDemo.debug.xcconfig"; path = "Target Support Files/Pods-FicowCalendarDemo/Pods-FicowCalendarDemo.debug.xcconfig"; sourceTree = "<group>"; };
		F754FFA84800815F011CEDF6 /* Pods-FicowCalendarDemo.release.xcconfig */ = {isa = PBXFileReference; includeInIndex = 1; lastKnownFileType = text.xcconfig; name = "Pods-FicowCalendarDemo.release.xcconfig"; path = "Target Support Files/Pods-FicowCalendarDemo/Pods-FicowCalendarDemo.release.xcconfig"; sourceTree = "<group>"; };
		FF3EDDFEE093DA1AB143A62A /* Pods_FicowCalendarDemoTests.framework */ = {isa = PBXFileReference; explicitFileType = wrapper.framework; includeInIndex = 0; path = Pods_FicowCalendarDemoTests.framework; sourceTree = BUILT_PRODUCTS_DIR; };
/* End PBXFileReference section */

/* Begin PBXFrameworksBuildPhase section */
		89BDDF78247BB72C007D3F20 /* Frameworks */ = {
			isa = PBXFrameworksBuildPhase;
			buildActionMask = 2147483647;
			files = (
				34C2AFAC18262916D036A278 /* Pods_FicowCalendarDemo.framework in Frameworks */,
			);
			runOnlyForDeploymentPostprocessing = 0;
		};
		89BDDF8E247BB72F007D3F20 /* Frameworks */ = {
			isa = PBXFrameworksBuildPhase;
			buildActionMask = 2147483647;
			files = (
				F6CE70CBA9CBB6651CECBB11 /* Pods_FicowCalendarDemoTests.framework in Frameworks */,
			);
			runOnlyForDeploymentPostprocessing = 0;
		};
		89BDDF99247BB72F007D3F20 /* Frameworks */ = {
			isa = PBXFrameworksBuildPhase;
			buildActionMask = 2147483647;
			files = (
				5DEE8EF3AFC28F267330BAEA /* Pods_FicowCalendarDemo_FicowCalendarDemoUITests.framework in Frameworks */,
			);
			runOnlyForDeploymentPostprocessing = 0;
		};
/* End PBXFrameworksBuildPhase section */

/* Begin PBXGroup section */
		16C13D6E36AEE7129A8575E9 /* Pods */ = {
			isa = PBXGroup;
			children = (
				EE8D49021DB9A688391D4831 /* Pods-FicowCalendarDemo.debug.xcconfig */,
				F754FFA84800815F011CEDF6 /* Pods-FicowCalendarDemo.release.xcconfig */,
				9F6D4591F08693FB58A769FD /* Pods-FicowCalendarDemo-FicowCalendarDemoUITests.debug.xcconfig */,
				813DDA497D29E3CCA57E219D /* Pods-FicowCalendarDemo-FicowCalendarDemoUITests.release.xcconfig */,
				1D14F5492E7DBA0139A830C2 /* Pods-FicowCalendarDemoTests.debug.xcconfig */,
				C5C5697CB7E4858F7BEB902B /* Pods-FicowCalendarDemoTests.release.xcconfig */,
			);
			path = Pods;
			sourceTree = "<group>";
		};
		89BDDF72247BB72C007D3F20 = {
			isa = PBXGroup;
			children = (
				89BDDF7D247BB72C007D3F20 /* FicowCalendarDemo */,
				89BDDF94247BB72F007D3F20 /* FicowCalendarDemoTests */,
				89BDDF9F247BB72F007D3F20 /* FicowCalendarDemoUITests */,
				89BDDF7C247BB72C007D3F20 /* Products */,
				16C13D6E36AEE7129A8575E9 /* Pods */,
				F376CBF756299984CFFBEAEB /* Frameworks */,
			);
			sourceTree = "<group>";
		};
		89BDDF7C247BB72C007D3F20 /* Products */ = {
			isa = PBXGroup;
			children = (
				89BDDF7B247BB72C007D3F20 /* FicowCalendarDemo.app */,
				89BDDF91247BB72F007D3F20 /* FicowCalendarDemoTests.xctest */,
				89BDDF9C247BB72F007D3F20 /* FicowCalendarDemoUITests.xctest */,
			);
			name = Products;
			sourceTree = "<group>";
		};
		89BDDF7D247BB72C007D3F20 /* FicowCalendarDemo */ = {
			isa = PBXGroup;
			children = (
				89BDDF7E247BB72C007D3F20 /* AppDelegate.swift */,
				89BDDF80247BB72C007D3F20 /* SceneDelegate.swift */,
				89BDDF82247BB72C007D3F20 /* ViewController.swift */,
				89BDDF84247BB72C007D3F20 /* Main.storyboard */,
				89BDDF87247BB72F007D3F20 /* Assets.xcassets */,
				89BDDF89247BB72F007D3F20 /* LaunchScreen.storyboard */,
				89BDDF8C247BB72F007D3F20 /* Info.plist */,
				89EDAAEA247E190A004098F6 /* XOCalendar.swift */,
				896C27A02484C00A00EB0BA4 /* XOCalendarView.swift */,
				896C27A22484E3E400EB0BA4 /* XOCalendarHeaderView.swift */,
				89AB057924875BA400F8BD56 /* XOCalendarDayHeaderView.swift */,
				6AEB561E247FC5FC005022ED /* XOCalendarMonthHeaderView.swift */,
				89EDAAE8247E1598004098F6 /* XOCalendarDayCell.swift */,
				896C27A42484E42500EB0BA4 /* XOCalendarFlowLayout.swift */,
				6AEB561C247F9D00005022ED /* Helpers.swift */,
			);
			path = FicowCalendarDemo;
			sourceTree = "<group>";
		};
		89BDDF94247BB72F007D3F20 /* FicowCalendarDemoTests */ = {
			isa = PBXGroup;
			children = (
				89BDDF95247BB72F007D3F20 /* FicowCalendarDemoTests.swift */,
				89BDDF97247BB72F007D3F20 /* Info.plist */,
				890F4887248F9A050085AA71 /* XOCalendarTests.swift */,
				8985994A2490E570004D4C31 /* XOCalendarFlowLayoutTests.swift */,
			);
			path = FicowCalendarDemoTests;
			sourceTree = "<group>";
		};
		89BDDF9F247BB72F007D3F20 /* FicowCalendarDemoUITests */ = {
			isa = PBXGroup;
			children = (
				89BDDFA0247BB72F007D3F20 /* FicowCalendarDemoUITests.swift */,
				89BDDFA2247BB72F007D3F20 /* Info.plist */,
			);
			path = FicowCalendarDemoUITests;
			sourceTree = "<group>";
		};
		F376CBF756299984CFFBEAEB /* Frameworks */ = {
			isa = PBXGroup;
			children = (
				4ED62F23CA5A243A1BC7E285 /* Pods_FicowCalendarDemo.framework */,
				18105B50AA691A6F8F65CCF6 /* Pods_FicowCalendarDemo_FicowCalendarDemoUITests.framework */,
				FF3EDDFEE093DA1AB143A62A /* Pods_FicowCalendarDemoTests.framework */,
			);
			name = Frameworks;
			sourceTree = "<group>";
		};
/* End PBXGroup section */

/* Begin PBXNativeTarget section */
		89BDDF7A247BB72C007D3F20 /* FicowCalendarDemo */ = {
			isa = PBXNativeTarget;
			buildConfigurationList = 89BDDFA5247BB72F007D3F20 /* Build configuration list for PBXNativeTarget "FicowCalendarDemo" */;
			buildPhases = (
				D1C79058FDF190ADE77B32A0 /* [CP] Check Pods Manifest.lock */,
				89BDDF77247BB72C007D3F20 /* Sources */,
				89BDDF78247BB72C007D3F20 /* Frameworks */,
				89BDDF79247BB72C007D3F20 /* Resources */,
				5ED4263D0BB693F0BA3D184F /* [CP] Embed Pods Frameworks */,
			);
			buildRules = (
			);
			dependencies = (
			);
			name = FicowCalendarDemo;
			productName = FicowCalendarDemo;
			productReference = 89BDDF7B247BB72C007D3F20 /* FicowCalendarDemo.app */;
			productType = "com.apple.product-type.application";
		};
		89BDDF90247BB72F007D3F20 /* FicowCalendarDemoTests */ = {
			isa = PBXNativeTarget;
			buildConfigurationList = 89BDDFA8247BB72F007D3F20 /* Build configuration list for PBXNativeTarget "FicowCalendarDemoTests" */;
			buildPhases = (
				F870177FE61DCDDDCFBA7FD7 /* [CP] Check Pods Manifest.lock */,
				89BDDF8D247BB72F007D3F20 /* Sources */,
				89BDDF8E247BB72F007D3F20 /* Frameworks */,
				89BDDF8F247BB72F007D3F20 /* Resources */,
			);
			buildRules = (
			);
			dependencies = (
				89BDDF93247BB72F007D3F20 /* PBXTargetDependency */,
			);
			name = FicowCalendarDemoTests;
			productName = FicowCalendarDemoTests;
			productReference = 89BDDF91247BB72F007D3F20 /* FicowCalendarDemoTests.xctest */;
			productType = "com.apple.product-type.bundle.unit-test";
		};
		89BDDF9B247BB72F007D3F20 /* FicowCalendarDemoUITests */ = {
			isa = PBXNativeTarget;
			buildConfigurationList = 89BDDFAB247BB72F007D3F20 /* Build configuration list for PBXNativeTarget "FicowCalendarDemoUITests" */;
			buildPhases = (
				17B337E7C4A5B91E038E2843 /* [CP] Check Pods Manifest.lock */,
				89BDDF98247BB72F007D3F20 /* Sources */,
				89BDDF99247BB72F007D3F20 /* Frameworks */,
				89BDDF9A247BB72F007D3F20 /* Resources */,
				E407CA0DBF88F5277429E6F0 /* [CP] Embed Pods Frameworks */,
			);
			buildRules = (
			);
			dependencies = (
				89BDDF9E247BB72F007D3F20 /* PBXTargetDependency */,
			);
			name = FicowCalendarDemoUITests;
			productName = FicowCalendarDemoUITests;
			productReference = 89BDDF9C247BB72F007D3F20 /* FicowCalendarDemoUITests.xctest */;
			productType = "com.apple.product-type.bundle.ui-testing";
		};
/* End PBXNativeTarget section */

/* Begin PBXProject section */
		89BDDF73247BB72C007D3F20 /* Project object */ = {
			isa = PBXProject;
			attributes = {
				LastSwiftUpdateCheck = 1140;
				LastUpgradeCheck = 1140;
				ORGANIZATIONNAME = ios;
				TargetAttributes = {
					89BDDF7A247BB72C007D3F20 = {
						CreatedOnToolsVersion = 11.4;
					};
					89BDDF90247BB72F007D3F20 = {
						CreatedOnToolsVersion = 11.4;
						TestTargetID = 89BDDF7A247BB72C007D3F20;
					};
					89BDDF9B247BB72F007D3F20 = {
						CreatedOnToolsVersion = 11.4;
						TestTargetID = 89BDDF7A247BB72C007D3F20;
					};
				};
			};
			buildConfigurationList = 89BDDF76247BB72C007D3F20 /* Build configuration list for PBXProject "FicowCalendarDemo" */;
			compatibilityVersion = "Xcode 9.3";
			developmentRegion = en;
			hasScannedForEncodings = 0;
			knownRegions = (
				en,
				Base,
			);
			mainGroup = 89BDDF72247BB72C007D3F20;
			productRefGroup = 89BDDF7C247BB72C007D3F20 /* Products */;
			projectDirPath = "";
			projectRoot = "";
			targets = (
				89BDDF7A247BB72C007D3F20 /* FicowCalendarDemo */,
				89BDDF90247BB72F007D3F20 /* FicowCalendarDemoTests */,
				89BDDF9B247BB72F007D3F20 /* FicowCalendarDemoUITests */,
			);
		};
/* End PBXProject section */

/* Begin PBXResourcesBuildPhase section */
		89BDDF79247BB72C007D3F20 /* Resources */ = {
			isa = PBXResourcesBuildPhase;
			buildActionMask = 2147483647;
			files = (
				89BDDF8B247BB72F007D3F20 /* LaunchScreen.storyboard in Resources */,
				89BDDF88247BB72F007D3F20 /* Assets.xcassets in Resources */,
				89BDDF86247BB72C007D3F20 /* Main.storyboard in Resources */,
			);
			runOnlyForDeploymentPostprocessing = 0;
		};
		89BDDF8F247BB72F007D3F20 /* Resources */ = {
			isa = PBXResourcesBuildPhase;
			buildActionMask = 2147483647;
			files = (
			);
			runOnlyForDeploymentPostprocessing = 0;
		};
		89BDDF9A247BB72F007D3F20 /* Resources */ = {
			isa = PBXResourcesBuildPhase;
			buildActionMask = 2147483647;
			files = (
			);
			runOnlyForDeploymentPostprocessing = 0;
		};
/* End PBXResourcesBuildPhase section */

/* Begin PBXShellScriptBuildPhase section */
		17B337E7C4A5B91E038E2843 /* [CP] Check Pods Manifest.lock */ = {
			isa = PBXShellScriptBuildPhase;
			buildActionMask = 2147483647;
			files = (
			);
			inputFileListPaths = (
			);
			inputPaths = (
				"${PODS_PODFILE_DIR_PATH}/Podfile.lock",
				"${PODS_ROOT}/Manifest.lock",
			);
			name = "[CP] Check Pods Manifest.lock";
			outputFileListPaths = (
			);
			outputPaths = (
				"$(DERIVED_FILE_DIR)/Pods-FicowCalendarDemo-FicowCalendarDemoUITests-checkManifestLockResult.txt",
			);
			runOnlyForDeploymentPostprocessing = 0;
			shellPath = /bin/sh;
			shellScript = "diff \"${PODS_PODFILE_DIR_PATH}/Podfile.lock\" \"${PODS_ROOT}/Manifest.lock\" > /dev/null\nif [ $? != 0 ] ; then\n    # print error to STDERR\n    echo \"error: The sandbox is not in sync with the Podfile.lock. Run 'pod install' or update your CocoaPods installation.\" >&2\n    exit 1\nfi\n# This output is used by Xcode 'outputs' to avoid re-running this script phase.\necho \"SUCCESS\" > \"${SCRIPT_OUTPUT_FILE_0}\"\n";
			showEnvVarsInLog = 0;
		};
		5ED4263D0BB693F0BA3D184F /* [CP] Embed Pods Frameworks */ = {
			isa = PBXShellScriptBuildPhase;
			buildActionMask = 2147483647;
			files = (
			);
			inputFileListPaths = (
				"${PODS_ROOT}/Target Support Files/Pods-FicowCalendarDemo/Pods-FicowCalendarDemo-frameworks-${CONFIGURATION}-input-files.xcfilelist",
			);
			name = "[CP] Embed Pods Frameworks";
			outputFileListPaths = (
				"${PODS_ROOT}/Target Support Files/Pods-FicowCalendarDemo/Pods-FicowCalendarDemo-frameworks-${CONFIGURATION}-output-files.xcfilelist",
			);
			runOnlyForDeploymentPostprocessing = 0;
			shellPath = /bin/sh;
			shellScript = "\"${PODS_ROOT}/Target Support Files/Pods-FicowCalendarDemo/Pods-FicowCalendarDemo-frameworks.sh\"\n";
			showEnvVarsInLog = 0;
		};
		D1C79058FDF190ADE77B32A0 /* [CP] Check Pods Manifest.lock */ = {
			isa = PBXShellScriptBuildPhase;
			buildActionMask = 2147483647;
			files = (
			);
			inputFileListPaths = (
			);
			inputPaths = (
				"${PODS_PODFILE_DIR_PATH}/Podfile.lock",
				"${PODS_ROOT}/Manifest.lock",
			);
			name = "[CP] Check Pods Manifest.lock";
			outputFileListPaths = (
			);
			outputPaths = (
				"$(DERIVED_FILE_DIR)/Pods-FicowCalendarDemo-checkManifestLockResult.txt",
			);
			runOnlyForDeploymentPostprocessing = 0;
			shellPath = /bin/sh;
			shellScript = "diff \"${PODS_PODFILE_DIR_PATH}/Podfile.lock\" \"${PODS_ROOT}/Manifest.lock\" > /dev/null\nif [ $? != 0 ] ; then\n    # print error to STDERR\n    echo \"error: The sandbox is not in sync with the Podfile.lock. Run 'pod install' or update your CocoaPods installation.\" >&2\n    exit 1\nfi\n# This output is used by Xcode 'outputs' to avoid re-running this script phase.\necho \"SUCCESS\" > \"${SCRIPT_OUTPUT_FILE_0}\"\n";
			showEnvVarsInLog = 0;
		};
		E407CA0DBF88F5277429E6F0 /* [CP] Embed Pods Frameworks */ = {
			isa = PBXShellScriptBuildPhase;
			buildActionMask = 2147483647;
			files = (
			);
			inputFileListPaths = (
				"${PODS_ROOT}/Target Support Files/Pods-FicowCalendarDemo-FicowCalendarDemoUITests/Pods-FicowCalendarDemo-FicowCalendarDemoUITests-frameworks-${CONFIGURATION}-input-files.xcfilelist",
			);
			name = "[CP] Embed Pods Frameworks";
			outputFileListPaths = (
				"${PODS_ROOT}/Target Support Files/Pods-FicowCalendarDemo-FicowCalendarDemoUITests/Pods-FicowCalendarDemo-FicowCalendarDemoUITests-frameworks-${CONFIGURATION}-output-files.xcfilelist",
			);
			runOnlyForDeploymentPostprocessing = 0;
			shellPath = /bin/sh;
			shellScript = "\"${PODS_ROOT}/Target Support Files/Pods-FicowCalendarDemo-FicowCalendarDemoUITests/Pods-FicowCalendarDemo-FicowCalendarDemoUITests-frameworks.sh\"\n";
			showEnvVarsInLog = 0;
		};
		F870177FE61DCDDDCFBA7FD7 /* [CP] Check Pods Manifest.lock */ = {
			isa = PBXShellScriptBuildPhase;
			buildActionMask = 2147483647;
			files = (
			);
			inputFileListPaths = (
			);
			inputPaths = (
				"${PODS_PODFILE_DIR_PATH}/Podfile.lock",
				"${PODS_ROOT}/Manifest.lock",
			);
			name = "[CP] Check Pods Manifest.lock";
			outputFileListPaths = (
			);
			outputPaths = (
				"$(DERIVED_FILE_DIR)/Pods-FicowCalendarDemoTests-checkManifestLockResult.txt",
			);
			runOnlyForDeploymentPostprocessing = 0;
			shellPath = /bin/sh;
			shellScript = "diff \"${PODS_PODFILE_DIR_PATH}/Podfile.lock\" \"${PODS_ROOT}/Manifest.lock\" > /dev/null\nif [ $? != 0 ] ; then\n    # print error to STDERR\n    echo \"error: The sandbox is not in sync with the Podfile.lock. Run 'pod install' or update your CocoaPods installation.\" >&2\n    exit 1\nfi\n# This output is used by Xcode 'outputs' to avoid re-running this script phase.\necho \"SUCCESS\" > \"${SCRIPT_OUTPUT_FILE_0}\"\n";
			showEnvVarsInLog = 0;
		};
/* End PBXShellScriptBuildPhase section */

/* Begin PBXSourcesBuildPhase section */
		89BDDF77247BB72C007D3F20 /* Sources */ = {
			isa = PBXSourcesBuildPhase;
			buildActionMask = 2147483647;
			files = (
				896C27A52484E42500EB0BA4 /* XOCalendarFlowLayout.swift in Sources */,
				89AB057A24875BA400F8BD56 /* XOCalendarDayHeaderView.swift in Sources */,
				89BDDF83247BB72C007D3F20 /* ViewController.swift in Sources */,
				6AEB561D247F9D00005022ED /* Helpers.swift in Sources */,
				89EDAAEB247E190A004098F6 /* XOCalendar.swift in Sources */,
				896C27A12484C00A00EB0BA4 /* XOCalendarView.swift in Sources */,
				89BDDF7F247BB72C007D3F20 /* AppDelegate.swift in Sources */,
				89BDDF81247BB72C007D3F20 /* SceneDelegate.swift in Sources */,
				6AEB561F247FC5FC005022ED /* XOCalendarMonthHeaderView.swift in Sources */,
				89EDAAE9247E1598004098F6 /* XOCalendarDayCell.swift in Sources */,
				896C27A32484E3E400EB0BA4 /* XOCalendarHeaderView.swift in Sources */,
			);
			runOnlyForDeploymentPostprocessing = 0;
		};
		89BDDF8D247BB72F007D3F20 /* Sources */ = {
			isa = PBXSourcesBuildPhase;
			buildActionMask = 2147483647;
			files = (
				890F4888248F9A050085AA71 /* XOCalendarTests.swift in Sources */,
				89BDDF96247BB72F007D3F20 /* FicowCalendarDemoTests.swift in Sources */,
				8985994B2490E570004D4C31 /* XOCalendarFlowLayoutTests.swift in Sources */,
			);
			runOnlyForDeploymentPostprocessing = 0;
		};
		89BDDF98247BB72F007D3F20 /* Sources */ = {
			isa = PBXSourcesBuildPhase;
			buildActionMask = 2147483647;
			files = (
				89BDDFA1247BB72F007D3F20 /* FicowCalendarDemoUITests.swift in Sources */,
			);
			runOnlyForDeploymentPostprocessing = 0;
		};
/* End PBXSourcesBuildPhase section */

/* Begin PBXTargetDependency section */
		89BDDF93247BB72F007D3F20 /* PBXTargetDependency */ = {
			isa = PBXTargetDependency;
			target = 89BDDF7A247BB72C007D3F20 /* FicowCalendarDemo */;
			targetProxy = 89BDDF92247BB72F007D3F20 /* PBXContainerItemProxy */;
		};
		89BDDF9E247BB72F007D3F20 /* PBXTargetDependency */ = {
			isa = PBXTargetDependency;
			target = 89BDDF7A247BB72C007D3F20 /* FicowCalendarDemo */;
			targetProxy = 89BDDF9D247BB72F007D3F20 /* PBXContainerItemProxy */;
		};
/* End PBXTargetDependency section */

/* Begin PBXVariantGroup section */
		89BDDF84247BB72C007D3F20 /* Main.storyboard */ = {
			isa = PBXVariantGroup;
			children = (
				89BDDF85247BB72C007D3F20 /* Base */,
			);
			name = Main.storyboard;
			sourceTree = "<group>";
		};
		89BDDF89247BB72F007D3F20 /* LaunchScreen.storyboard */ = {
			isa = PBXVariantGroup;
			children = (
				89BDDF8A247BB72F007D3F20 /* Base */,
			);
			name = LaunchScreen.storyboard;
			sourceTree = "<group>";
		};
/* End PBXVariantGroup section */

/* Begin XCBuildConfiguration section */
		89BDDFA3247BB72F007D3F20 /* Debug */ = {
			isa = XCBuildConfiguration;
			buildSettings = {
				ALWAYS_SEARCH_USER_PATHS = NO;
				CLANG_ANALYZER_NONNULL = YES;
				CLANG_ANALYZER_NUMBER_OBJECT_CONVERSION = YES_AGGRESSIVE;
				CLANG_CXX_LANGUAGE_STANDARD = "gnu++14";
				CLANG_CXX_LIBRARY = "libc++";
				CLANG_ENABLE_MODULES = YES;
				CLANG_ENABLE_OBJC_ARC = YES;
				CLANG_ENABLE_OBJC_WEAK = YES;
				CLANG_WARN_BLOCK_CAPTURE_AUTORELEASING = YES;
				CLANG_WARN_BOOL_CONVERSION = YES;
				CLANG_WARN_COMMA = YES;
				CLANG_WARN_CONSTANT_CONVERSION = YES;
				CLANG_WARN_DEPRECATED_OBJC_IMPLEMENTATIONS = YES;
				CLANG_WARN_DIRECT_OBJC_ISA_USAGE = YES_ERROR;
				CLANG_WARN_DOCUMENTATION_COMMENTS = YES;
				CLANG_WARN_EMPTY_BODY = YES;
				CLANG_WARN_ENUM_CONVERSION = YES;
				CLANG_WARN_INFINITE_RECURSION = YES;
				CLANG_WARN_INT_CONVERSION = YES;
				CLANG_WARN_NON_LITERAL_NULL_CONVERSION = YES;
				CLANG_WARN_OBJC_IMPLICIT_RETAIN_SELF = YES;
				CLANG_WARN_OBJC_LITERAL_CONVERSION = YES;
				CLANG_WARN_OBJC_ROOT_CLASS = YES_ERROR;
				CLANG_WARN_RANGE_LOOP_ANALYSIS = YES;
				CLANG_WARN_STRICT_PROTOTYPES = YES;
				CLANG_WARN_SUSPICIOUS_MOVE = YES;
				CLANG_WARN_UNGUARDED_AVAILABILITY = YES_AGGRESSIVE;
				CLANG_WARN_UNREACHABLE_CODE = YES;
				CLANG_WARN__DUPLICATE_METHOD_MATCH = YES;
				COPY_PHASE_STRIP = NO;
				DEBUG_INFORMATION_FORMAT = dwarf;
				ENABLE_STRICT_OBJC_MSGSEND = YES;
				ENABLE_TESTABILITY = YES;
				GCC_C_LANGUAGE_STANDARD = gnu11;
				GCC_DYNAMIC_NO_PIC = NO;
				GCC_NO_COMMON_BLOCKS = YES;
				GCC_OPTIMIZATION_LEVEL = 0;
				GCC_PREPROCESSOR_DEFINITIONS = (
					"DEBUG=1",
					"$(inherited)",
				);
				GCC_WARN_64_TO_32_BIT_CONVERSION = YES;
				GCC_WARN_ABOUT_RETURN_TYPE = YES_ERROR;
				GCC_WARN_UNDECLARED_SELECTOR = YES;
				GCC_WARN_UNINITIALIZED_AUTOS = YES_AGGRESSIVE;
				GCC_WARN_UNUSED_FUNCTION = YES;
				GCC_WARN_UNUSED_VARIABLE = YES;
				IPHONEOS_DEPLOYMENT_TARGET = 13.4;
				MTL_ENABLE_DEBUG_INFO = INCLUDE_SOURCE;
				MTL_FAST_MATH = YES;
				ONLY_ACTIVE_ARCH = YES;
				SDKROOT = iphoneos;
				SWIFT_ACTIVE_COMPILATION_CONDITIONS = DEBUG;
				SWIFT_OPTIMIZATION_LEVEL = "-Onone";
			};
			name = Debug;
		};
		89BDDFA4247BB72F007D3F20 /* Release */ = {
			isa = XCBuildConfiguration;
			buildSettings = {
				ALWAYS_SEARCH_USER_PATHS = NO;
				CLANG_ANALYZER_NONNULL = YES;
				CLANG_ANALYZER_NUMBER_OBJECT_CONVERSION = YES_AGGRESSIVE;
				CLANG_CXX_LANGUAGE_STANDARD = "gnu++14";
				CLANG_CXX_LIBRARY = "libc++";
				CLANG_ENABLE_MODULES = YES;
				CLANG_ENABLE_OBJC_ARC = YES;
				CLANG_ENABLE_OBJC_WEAK = YES;
				CLANG_WARN_BLOCK_CAPTURE_AUTORELEASING = YES;
				CLANG_WARN_BOOL_CONVERSION = YES;
				CLANG_WARN_COMMA = YES;
				CLANG_WARN_CONSTANT_CONVERSION = YES;
				CLANG_WARN_DEPRECATED_OBJC_IMPLEMENTATIONS = YES;
				CLANG_WARN_DIRECT_OBJC_ISA_USAGE = YES_ERROR;
				CLANG_WARN_DOCUMENTATION_COMMENTS = YES;
				CLANG_WARN_EMPTY_BODY = YES;
				CLANG_WARN_ENUM_CONVERSION = YES;
				CLANG_WARN_INFINITE_RECURSION = YES;
				CLANG_WARN_INT_CONVERSION = YES;
				CLANG_WARN_NON_LITERAL_NULL_CONVERSION = YES;
				CLANG_WARN_OBJC_IMPLICIT_RETAIN_SELF = YES;
				CLANG_WARN_OBJC_LITERAL_CONVERSION = YES;
				CLANG_WARN_OBJC_ROOT_CLASS = YES_ERROR;
				CLANG_WARN_RANGE_LOOP_ANALYSIS = YES;
				CLANG_WARN_STRICT_PROTOTYPES = YES;
				CLANG_WARN_SUSPICIOUS_MOVE = YES;
				CLANG_WARN_UNGUARDED_AVAILABILITY = YES_AGGRESSIVE;
				CLANG_WARN_UNREACHABLE_CODE = YES;
				CLANG_WARN__DUPLICATE_METHOD_MATCH = YES;
				COPY_PHASE_STRIP = NO;
				DEBUG_INFORMATION_FORMAT = "dwarf-with-dsym";
				ENABLE_NS_ASSERTIONS = NO;
				ENABLE_STRICT_OBJC_MSGSEND = YES;
				GCC_C_LANGUAGE_STANDARD = gnu11;
				GCC_NO_COMMON_BLOCKS = YES;
				GCC_WARN_64_TO_32_BIT_CONVERSION = YES;
				GCC_WARN_ABOUT_RETURN_TYPE = YES_ERROR;
				GCC_WARN_UNDECLARED_SELECTOR = YES;
				GCC_WARN_UNINITIALIZED_AUTOS = YES_AGGRESSIVE;
				GCC_WARN_UNUSED_FUNCTION = YES;
				GCC_WARN_UNUSED_VARIABLE = YES;
				IPHONEOS_DEPLOYMENT_TARGET = 13.4;
				MTL_ENABLE_DEBUG_INFO = NO;
				MTL_FAST_MATH = YES;
				SDKROOT = iphoneos;
				SWIFT_COMPILATION_MODE = wholemodule;
				SWIFT_OPTIMIZATION_LEVEL = "-O";
				VALIDATE_PRODUCT = YES;
			};
			name = Release;
		};
		89BDDFA6247BB72F007D3F20 /* Debug */ = {
			isa = XCBuildConfiguration;
			baseConfigurationReference = EE8D49021DB9A688391D4831 /* Pods-FicowCalendarDemo.debug.xcconfig */;
			buildSettings = {
				ASSETCATALOG_COMPILER_APPICON_NAME = AppIcon;
				CODE_SIGN_STYLE = Automatic;
				DEVELOPMENT_TEAM = 3JF38H23W8;
				INFOPLIST_FILE = FicowCalendarDemo/Info.plist;
				LD_RUNPATH_SEARCH_PATHS = (
					"$(inherited)",
					"@executable_path/Frameworks",
				);
				PRODUCT_BUNDLE_IDENTIFIER = com.theknotww.FicowCalendarDemo;
				PRODUCT_NAME = "$(TARGET_NAME)";
				SWIFT_VERSION = 5.0;
				TARGETED_DEVICE_FAMILY = "1,2";
			};
			name = Debug;
		};
		89BDDFA7247BB72F007D3F20 /* Release */ = {
			isa = XCBuildConfiguration;
			baseConfigurationReference = F754FFA84800815F011CEDF6 /* Pods-FicowCalendarDemo.release.xcconfig */;
			buildSettings = {
				ASSETCATALOG_COMPILER_APPICON_NAME = AppIcon;
				CODE_SIGN_STYLE = Automatic;
				DEVELOPMENT_TEAM = 3JF38H23W8;
				INFOPLIST_FILE = FicowCalendarDemo/Info.plist;
				LD_RUNPATH_SEARCH_PATHS = (
					"$(inherited)",
					"@executable_path/Frameworks",
				);
				PRODUCT_BUNDLE_IDENTIFIER = com.theknotww.FicowCalendarDemo;
				PRODUCT_NAME = "$(TARGET_NAME)";
				SWIFT_VERSION = 5.0;
				TARGETED_DEVICE_FAMILY = "1,2";
			};
			name = Release;
		};
		89BDDFA9247BB72F007D3F20 /* Debug */ = {
			isa = XCBuildConfiguration;
			baseConfigurationReference = 1D14F5492E7DBA0139A830C2 /* Pods-FicowCalendarDemoTests.debug.xcconfig */;
			buildSettings = {
				ALWAYS_EMBED_SWIFT_STANDARD_LIBRARIES = YES;
				BUNDLE_LOADER = "$(TEST_HOST)";
				CODE_SIGN_STYLE = Automatic;
				INFOPLIST_FILE = FicowCalendarDemoTests/Info.plist;
				IPHONEOS_DEPLOYMENT_TARGET = 13.4;
				LD_RUNPATH_SEARCH_PATHS = (
					"$(inherited)",
					"@executable_path/Frameworks",
					"@loader_path/Frameworks",
				);
				PRODUCT_BUNDLE_IDENTIFIER = com.theknotww.FicowCalendarDemoTests;
				PRODUCT_NAME = "$(TARGET_NAME)";
				SWIFT_VERSION = 5.0;
				TARGETED_DEVICE_FAMILY = "1,2";
				TEST_HOST = "$(BUILT_PRODUCTS_DIR)/FicowCalendarDemo.app/FicowCalendarDemo";
			};
			name = Debug;
		};
		89BDDFAA247BB72F007D3F20 /* Release */ = {
			isa = XCBuildConfiguration;
			baseConfigurationReference = C5C5697CB7E4858F7BEB902B /* Pods-FicowCalendarDemoTests.release.xcconfig */;
			buildSettings = {
				ALWAYS_EMBED_SWIFT_STANDARD_LIBRARIES = YES;
				BUNDLE_LOADER = "$(TEST_HOST)";
				CODE_SIGN_STYLE = Automatic;
				INFOPLIST_FILE = FicowCalendarDemoTests/Info.plist;
				IPHONEOS_DEPLOYMENT_TARGET = 13.4;
				LD_RUNPATH_SEARCH_PATHS = (
					"$(inherited)",
					"@executable_path/Frameworks",
					"@loader_path/Frameworks",
				);
				PRODUCT_BUNDLE_IDENTIFIER = com.theknotww.FicowCalendarDemoTests;
				PRODUCT_NAME = "$(TARGET_NAME)";
				SWIFT_VERSION = 5.0;
				TARGETED_DEVICE_FAMILY = "1,2";
				TEST_HOST = "$(BUILT_PRODUCTS_DIR)/FicowCalendarDemo.app/FicowCalendarDemo";
			};
			name = Release;
		};
		89BDDFAC247BB72F007D3F20 /* Debug */ = {
			isa = XCBuildConfiguration;
			baseConfigurationReference = 9F6D4591F08693FB58A769FD /* Pods-FicowCalendarDemo-FicowCalendarDemoUITests.debug.xcconfig */;
			buildSettings = {
				ALWAYS_EMBED_SWIFT_STANDARD_LIBRARIES = YES;
				CODE_SIGN_STYLE = Automatic;
				INFOPLIST_FILE = FicowCalendarDemoUITests/Info.plist;
				LD_RUNPATH_SEARCH_PATHS = (
					"$(inherited)",
					"@executable_path/Frameworks",
					"@loader_path/Frameworks",
				);
				PRODUCT_BUNDLE_IDENTIFIER = com.theknotww.FicowCalendarDemoUITests;
				PRODUCT_NAME = "$(TARGET_NAME)";
				SWIFT_VERSION = 5.0;
				TARGETED_DEVICE_FAMILY = "1,2";
				TEST_TARGET_NAME = FicowCalendarDemo;
			};
			name = Debug;
		};
		89BDDFAD247BB72F007D3F20 /* Release */ = {
			isa = XCBuildConfiguration;
			baseConfigurationReference = 813DDA497D29E3CCA57E219D /* Pods-FicowCalendarDemo-FicowCalendarDemoUITests.release.xcconfig */;
			buildSettings = {
				ALWAYS_EMBED_SWIFT_STANDARD_LIBRARIES = YES;
				CODE_SIGN_STYLE = Automatic;
				INFOPLIST_FILE = FicowCalendarDemoUITests/Info.plist;
				LD_RUNPATH_SEARCH_PATHS = (
					"$(inherited)",
					"@executable_path/Frameworks",
					"@loader_path/Frameworks",
				);
				PRODUCT_BUNDLE_IDENTIFIER = com.theknotww.FicowCalendarDemoUITests;
				PRODUCT_NAME = "$(TARGET_NAME)";
				SWIFT_VERSION = 5.0;
				TARGETED_DEVICE_FAMILY = "1,2";
				TEST_TARGET_NAME = FicowCalendarDemo;
			};
			name = Release;
		};
/* End XCBuildConfiguration section */

/* Begin XCConfigurationList section */
		89BDDF76247BB72C007D3F20 /* Build configuration list for PBXProject "FicowCalendarDemo" */ = {
			isa = XCConfigurationList;
			buildConfigurations = (
				89BDDFA3247BB72F007D3F20 /* Debug */,
				89BDDFA4247BB72F007D3F20 /* Release */,
			);
			defaultConfigurationIsVisible = 0;
			defaultConfigurationName = Release;
		};
		89BDDFA5247BB72F007D3F20 /* Build configuration list for PBXNativeTarget "FicowCalendarDemo" */ = {
			isa = XCConfigurationList;
			buildConfigurations = (
				89BDDFA6247BB72F007D3F20 /* Debug */,
				89BDDFA7247BB72F007D3F20 /* Release */,
			);
			defaultConfigurationIsVisible = 0;
			defaultConfigurationName = Release;
		};
		89BDDFA8247BB72F007D3F20 /* Build configuration list for PBXNativeTarget "FicowCalendarDemoTests" */ = {
			isa = XCConfigurationList;
			buildConfigurations = (
				89BDDFA9247BB72F007D3F20 /* Debug */,
				89BDDFAA247BB72F007D3F20 /* Release */,
			);
			defaultConfigurationIsVisible = 0;
			defaultConfigurationName = Release;
		};
		89BDDFAB247BB72F007D3F20 /* Build configuration list for PBXNativeTarget "FicowCalendarDemoUITests" */ = {
			isa = XCConfigurationList;
			buildConfigurations = (
				89BDDFAC247BB72F007D3F20 /* Debug */,
				89BDDFAD247BB72F007D3F20 /* Release */,
			);
			defaultConfigurationIsVisible = 0;
			defaultConfigurationName = Release;
		};
/* End XCConfigurationList section */
	};
	rootObject = 89BDDF73247BB72C007D3F20 /* Project object */;
}
